
Microsoft Visual Studio Solution File, Format Version 12.00
# Visual Studio 2017
Project("{FAE04EC0-301F-11D3-BF4B-00C04F79EFBC}") = "LoadingScreen", "LoadingScreen.csproj", "{B20B1AB1-D20D-4085-791A-FACD0905DB8E}"
EndProject
Global
	GlobalSection(SolutionConfigurationPlatforms) = preSolution
		Debug|Any CPU = Debug|Any CPU
		Release|Any CPU = Release|Any CPU
	EndGlobalSection
	GlobalSection(ProjectConfigurationPlatforms) = postSolution
		{B20B1AB1-D20D-4085-791A-FACD0905DB8E}.Debug|Any CPU.ActiveCfg = Debug|Any CPU
		{B20B1AB1-D20D-4085-791A-FACD0905DB8E}.Debug|Any CPU.Build.0 = Debug|Any CPU
		{B20B1AB1-D20D-4085-791A-FACD0905DB8E}.Release|Any CPU.ActiveCfg = Release|Any CPU
		{B20B1AB1-D20D-4085-791A-FACD0905DB8E}.Release|Any CPU.Build.0 = Release|Any CPU
	EndGlobalSection
	GlobalSection(SolutionProperties) = preSolution
		HideSolutionNode = FALSE
	EndGlobalSection
EndGlobal
